{
  "name": "aave-v3-origin",
  "version": "1.0.0",
  "lockfileVersion": 3,
  "requires": true,
  "packages": {
    "": {
      "name": "aave-v3-origin",
      "version": "1.0.0",
      "license": "BUSL1.1",
      "dependencies": {
        "@bgd-labs/aave-cli": "^1.0.0",
        "catapulta-verify": "^1.1.1"
      },
      "devDependencies": {
        "prettier": "^2.8.3",
        "prettier-plugin-solidity": "^1.1.1"
      }
    },
    "node_modules/@adraffy/ens-normalize": {
      "version": "1.10.0",
      "license": "MIT"
    },
    "node_modules/@assemblyscript/loader": {
      "version": "0.9.4",
      "license": "Apache-2.0"
    },
    "node_modules/@bgd-labs/aave-address-book": {
      "version": "3.4.0",
      "license": "MIT"
    },
    "node_modules/@bgd-labs/aave-cli": {
      "version": "1.0.0",
      "license": "MIT",
      "dependencies": {
        "@bgd-labs/aave-address-book": "^3.0.0",
        "@bgd-labs/aave-v3-governance-cache": "^1.0.6",
        "@bgd-labs/js-utils": "^1.4.2",
        "@commander-js/extra-typings": "^11.1.0",
        "@inquirer/prompts": "^3.3.2",
        "chalk": "^4.1.2",
        "commander": "^11.1.0",
        "deepmerge": "^4.3.1",
        "dotenv": "^16.4.1",
        "find-object-paths": "^1.1.0",
        "gray-matter": "^4.0.3",
        "ipfs-unixfs-importer": "^15.3.1",
        "json-bigint": "^1.0.0",
        "object-hash": "^3.0.0",
        "viem": "^2.17.11",
        "zod": "^3.23.8"
      },
      "bin": {
        "aave-cli": "dist/cli.js"
      }
    },
    "node_modules/@bgd-labs/aave-v3-governance-cache": {
      "version": "1.0.7",
      "peerDependencies": {
        "@bgd-labs/aave-address-book": "^3.1.1",
        "viem": "^2.9.20"
      }
    },
    "node_modules/@bgd-labs/js-utils": {
      "version": "1.4.2",
      "license": "MIT",
      "dependencies": {
        "@supercharge/promise-pool": "^3.1.1",
        "bs58": "^5.0.0",
        "gray-matter": "^4.0.3",
        "tsx": "^4.7.1"
      },
      "engines": {
        "node": ">=18.0.0"
      },
      "peerDependencies": {
        "viem": "^2.0.3"
      }
    },
    "node_modules/@commander-js/extra-typings": {
      "version": "11.1.0",
      "license": "MIT",
      "peerDependencies": {
        "commander": "11.1.x"
      }
    },
    "node_modules/@esbuild/linux-x64": {
      "version": "0.23.1",
      "cpu": [
        "x64"
      ],
      "license": "MIT",
      "optional": true,
      "os": [
        "linux"
      ],
      "engines": {
        "node": ">=18"
      }
    },
    "node_modules/@inquirer/checkbox": {
      "version": "1.5.2",
      "license": "MIT",
      "dependencies": {
        "@inquirer/core": "^6.0.0",
        "@inquirer/type": "^1.1.6",
        "ansi-escapes": "^4.3.2",
        "chalk": "^4.1.2",
        "figures": "^3.2.0"
      },
      "engines": {
        "node": ">=14.18.0"
      }
    },
    "node_modules/@inquirer/confirm": {
      "version": "2.0.17",
      "license": "MIT",
      "dependencies": {
        "@inquirer/core": "^6.0.0",
        "@inquirer/type": "^1.1.6",
        "chalk": "^4.1.2"
      },
      "engines": {
        "node": ">=14.18.0"
      }
    },
    "node_modules/@inquirer/core": {
      "version": "6.0.0",
      "license": "MIT",
      "dependencies": {
        "@inquirer/type": "^1.1.6",
        "@types/mute-stream": "^0.0.4",
        "@types/node": "^20.10.7",
        "@types/wrap-ansi": "^3.0.0",
        "ansi-escapes": "^4.3.2",
        "chalk": "^4.1.2",
        "cli-spinners": "^2.9.2",
        "cli-width": "^4.1.0",
        "figures": "^3.2.0",
        "mute-stream": "^1.0.0",
        "run-async": "^3.0.0",
        "signal-exit": "^4.1.0",
        "strip-ansi": "^6.0.1",
        "wrap-ansi": "^6.2.0"
      },
      "engines": {
        "node": ">=14.18.0"
      }
    },
    "node_modules/@inquirer/editor": {
      "version": "1.2.15",
      "license": "MIT",
      "dependencies": {
        "@inquirer/core": "^6.0.0",
        "@inquirer/type": "^1.1.6",
        "chalk": "^4.1.2",
        "external-editor": "^3.1.0"
      },
      "engines": {
        "node": ">=14.18.0"
      }
    },
    "node_modules/@inquirer/expand": {
      "version": "1.1.16",
      "license": "MIT",
      "dependencies": {
        "@inquirer/core": "^6.0.0",
        "@inquirer/type": "^1.1.6",
        "chalk": "^4.1.2",
        "figures": "^3.2.0"
      },
      "engines": {
        "node": ">=14.18.0"
      }
    },
    "node_modules/@inquirer/input": {
      "version": "1.2.16",
      "license": "MIT",
      "dependencies": {
        "@inquirer/core": "^6.0.0",
        "@inquirer/type": "^1.1.6",
        "chalk": "^4.1.2"
      },
      "engines": {
        "node": ">=14.18.0"
      }
    },
    "node_modules/@inquirer/password": {
      "version": "1.1.16",
      "license": "MIT",
      "dependencies": {
        "@inquirer/core": "^6.0.0",
        "@inquirer/type": "^1.1.6",
        "ansi-escapes": "^4.3.2",
        "chalk": "^4.1.2"
      },
      "engines": {
        "node": ">=14.18.0"
      }
    },
    "node_modules/@inquirer/prompts": {
      "version": "3.3.2",
      "license": "MIT",
      "dependencies": {
        "@inquirer/checkbox": "^1.5.2",
        "@inquirer/confirm": "^2.0.17",
        "@inquirer/core": "^6.0.0",
        "@inquirer/editor": "^1.2.15",
        "@inquirer/expand": "^1.1.16",
        "@inquirer/input": "^1.2.16",
        "@inquirer/password": "^1.1.16",
        "@inquirer/rawlist": "^1.2.16",
        "@inquirer/select": "^1.3.3"
      },
      "engines": {
        "node": ">=14.18.0"
      }
    },
    "node_modules/@inquirer/rawlist": {
      "version": "1.2.16",
      "license": "MIT",
      "dependencies": {
        "@inquirer/core": "^6.0.0",
        "@inquirer/type": "^1.1.6",
        "chalk": "^4.1.2"
      },
      "engines": {
        "node": ">=14.18.0"
      }
    },
    "node_modules/@inquirer/select": {
      "version": "1.3.3",
      "license": "MIT",
      "dependencies": {
        "@inquirer/core": "^6.0.0",
        "@inquirer/type": "^1.1.6",
        "ansi-escapes": "^4.3.2",
        "chalk": "^4.1.2",
        "figures": "^3.2.0"
      },
      "engines": {
        "node": ">=14.18.0"
      }
    },
    "node_modules/@inquirer/type": {
      "version": "1.5.5",
      "license": "MIT",
      "dependencies": {
        "mute-stream": "^1.0.0"
      },
      "engines": {
        "node": ">=18"
      }
    },
    "node_modules/@ipld/dag-pb": {
      "version": "4.1.2",
      "license": "Apache-2.0 OR MIT",
      "dependencies": {
        "multiformats": "^13.1.0"
      },
      "engines": {
        "node": ">=16.0.0",
        "npm": ">=7.0.0"
      }
    },
    "node_modules/@multiformats/murmur3": {
      "version": "2.1.8",
      "license": "Apache-2.0 OR MIT",
      "dependencies": {
        "multiformats": "^13.0.0",
        "murmurhash3js-revisited": "^3.0.0"
      },
      "engines": {
        "node": ">=16.0.0",
        "npm": ">=7.0.0"
      }
    },
    "node_modules/@noble/curves": {
      "version": "1.4.0",
      "license": "MIT",
      "dependencies": {
        "@noble/hashes": "1.4.0"
      },
      "funding": {
        "url": "https://paulmillr.com/funding/"
      }
    },
    "node_modules/@noble/hashes": {
      "version": "1.4.0",
      "license": "MIT",
      "engines": {
        "node": ">= 16"
      },
      "funding": {
        "url": "https://paulmillr.com/funding/"
      }
    },
    "node_modules/@scure/base": {
      "version": "1.1.9",
      "license": "MIT",
      "funding": {
        "url": "https://paulmillr.com/funding/"
      }
    },
    "node_modules/@scure/bip32": {
      "version": "1.4.0",
      "license": "MIT",
      "dependencies": {
        "@noble/curves": "~1.4.0",
        "@noble/hashes": "~1.4.0",
        "@scure/base": "~1.1.6"
      },
      "funding": {
        "url": "https://paulmillr.com/funding/"
      }
    },
    "node_modules/@scure/bip32/node_modules/@noble/curves": {
      "version": "1.4.2",
      "license": "MIT",
      "dependencies": {
        "@noble/hashes": "1.4.0"
      },
      "funding": {
        "url": "https://paulmillr.com/funding/"
      }
    },
    "node_modules/@scure/bip39": {
      "version": "1.4.0",
      "license": "MIT",
      "dependencies": {
        "@noble/hashes": "~1.5.0",
        "@scure/base": "~1.1.8"
      },
      "funding": {
        "url": "https://paulmillr.com/funding/"
      }
    },
    "node_modules/@scure/bip39/node_modules/@noble/hashes": {
      "version": "1.5.0",
      "license": "MIT",
      "engines": {
        "node": "^14.21.3 || >=16"
      },
      "funding": {
        "url": "https://paulmillr.com/funding/"
      }
    },
    "node_modules/@solidity-parser/parser": {
      "version": "0.18.0",
      "dev": true,
      "license": "MIT"
    },
    "node_modules/@supercharge/promise-pool": {
      "version": "3.2.0",
      "license": "MIT",
      "engines": {
        "node": ">=8"
      }
    },
    "node_modules/@types/mute-stream": {
      "version": "0.0.4",
      "license": "MIT",
      "dependencies": {
        "@types/node": "*"
      }
    },
    "node_modules/@types/mute-stream/node_modules/@types/node": {
      "version": "22.5.5",
      "license": "MIT",
      "dependencies": {
        "undici-types": "~6.19.2"
      }
    },
    "node_modules/@types/node": {
      "version": "20.16.5",
      "license": "MIT",
      "dependencies": {
        "undici-types": "~6.19.2"
      }
    },
    "node_modules/@types/wrap-ansi": {
      "version": "3.0.0",
      "license": "MIT"
    },
    "node_modules/abitype": {
      "version": "1.0.5",
      "license": "MIT",
      "funding": {
        "url": "https://github.com/sponsors/wevm"
      },
      "peerDependencies": {
        "typescript": ">=5.0.4",
        "zod": "^3 >=3.22.0"
      },
      "peerDependenciesMeta": {
        "typescript": {
          "optional": true
        },
        "zod": {
          "optional": true
        }
      }
    },
    "node_modules/ansi-escapes": {
      "version": "4.3.2",
      "license": "MIT",
      "dependencies": {
        "type-fest": "^0.21.3"
      },
      "engines": {
        "node": ">=8"
      },
      "funding": {
        "url": "https://github.com/sponsors/sindresorhus"
      }
    },
    "node_modules/ansi-regex": {
      "version": "5.0.1",
      "license": "MIT",
      "engines": {
        "node": ">=8"
      }
    },
    "node_modules/ansi-styles": {
      "version": "4.3.0",
      "license": "MIT",
      "dependencies": {
        "color-convert": "^2.0.1"
      },
      "engines": {
        "node": ">=8"
      },
      "funding": {
        "url": "https://github.com/chalk/ansi-styles?sponsor=1"
      }
    },
    "node_modules/argparse": {
      "version": "1.0.10",
      "license": "MIT",
      "dependencies": {
        "sprintf-js": "~1.0.2"
      }
    },
    "node_modules/base-x": {
      "version": "4.0.0",
      "license": "MIT"
    },
    "node_modules/base64-js": {
      "version": "1.5.1",
      "funding": [
        {
          "type": "github",
          "url": "https://github.com/sponsors/feross"
        },
        {
          "type": "patreon",
          "url": "https://www.patreon.com/feross"
        },
        {
          "type": "consulting",
          "url": "https://feross.org/support"
        }
      ],
      "license": "MIT"
    },
    "node_modules/bignumber.js": {
      "version": "9.1.2",
      "license": "MIT",
      "engines": {
        "node": "*"
      }
    },
    "node_modules/bl": {
      "version": "5.1.0",
      "license": "MIT",
      "dependencies": {
        "buffer": "^6.0.3",
        "inherits": "^2.0.4",
        "readable-stream": "^3.4.0"
      }
    },
    "node_modules/bs58": {
      "version": "5.0.0",
      "license": "MIT",
      "dependencies": {
        "base-x": "^4.0.0"
      }
    },
    "node_modules/buffer": {
      "version": "6.0.3",
      "funding": [
        {
          "type": "github",
          "url": "https://github.com/sponsors/feross"
        },
        {
          "type": "patreon",
          "url": "https://www.patreon.com/feross"
        },
        {
          "type": "consulting",
          "url": "https://feross.org/support"
        }
      ],
      "license": "MIT",
      "dependencies": {
        "base64-js": "^1.3.1",
        "ieee754": "^1.2.1"
      }
    },
    "node_modules/catapulta-verify": {
      "version": "1.1.1",
      "license": "MIT",
      "bin": {
        "catapulta-verify": "out/index.mjs"
      },
      "peerDependencies": {
        "typescript": "^5.0.0"
      }
    },
    "node_modules/chalk": {
      "version": "4.1.2",
      "license": "MIT",
      "dependencies": {
        "ansi-styles": "^4.1.0",
        "supports-color": "^7.1.0"
      },
      "engines": {
        "node": ">=10"
      },
      "funding": {
        "url": "https://github.com/chalk/chalk?sponsor=1"
      }
    },
    "node_modules/chardet": {
      "version": "0.7.0",
      "license": "MIT"
    },
    "node_modules/cli-spinners": {
      "version": "2.9.2",
      "license": "MIT",
      "engines": {
        "node": ">=6"
      },
      "funding": {
        "url": "https://github.com/sponsors/sindresorhus"
      }
    },
    "node_modules/cli-width": {
      "version": "4.1.0",
      "license": "ISC",
      "engines": {
        "node": ">= 12"
      }
    },
    "node_modules/color-convert": {
      "version": "2.0.1",
      "license": "MIT",
      "dependencies": {
        "color-name": "~1.1.4"
      },
      "engines": {
        "node": ">=7.0.0"
      }
    },
    "node_modules/color-name": {
      "version": "1.1.4",
      "license": "MIT"
    },
    "node_modules/commander": {
      "version": "11.1.0",
      "license": "MIT",
      "engines": {
        "node": ">=16"
      }
    },
    "node_modules/debug": {
      "version": "4.3.7",
      "license": "MIT",
      "dependencies": {
        "ms": "^2.1.3"
      },
      "engines": {
        "node": ">=6.0"
      },
      "peerDependenciesMeta": {
        "supports-color": {
          "optional": true
        }
      }
    },
    "node_modules/deepmerge": {
      "version": "4.3.1",
      "license": "MIT",
      "engines": {
        "node": ">=0.10.0"
      }
    },
    "node_modules/dotenv": {
      "version": "16.4.5",
      "license": "BSD-2-Clause",
      "engines": {
        "node": ">=12"
      },
      "funding": {
        "url": "https://dotenvx.com"
      }
    },
    "node_modules/emoji-regex": {
      "version": "8.0.0",
      "license": "MIT"
    },
    "node_modules/esbuild": {
      "version": "0.23.1",
      "hasInstallScript": true,
      "license": "MIT",
      "bin": {
        "esbuild": "bin/esbuild"
      },
      "engines": {
        "node": ">=18"
      },
      "optionalDependencies": {
        "@esbuild/aix-ppc64": "0.23.1",
        "@esbuild/android-arm": "0.23.1",
        "@esbuild/android-arm64": "0.23.1",
        "@esbuild/android-x64": "0.23.1",
        "@esbuild/darwin-arm64": "0.23.1",
        "@esbuild/darwin-x64": "0.23.1",
        "@esbuild/freebsd-arm64": "0.23.1",
        "@esbuild/freebsd-x64": "0.23.1",
        "@esbuild/linux-arm": "0.23.1",
        "@esbuild/linux-arm64": "0.23.1",
        "@esbuild/linux-ia32": "0.23.1",
        "@esbuild/linux-loong64": "0.23.1",
        "@esbuild/linux-mips64el": "0.23.1",
        "@esbuild/linux-ppc64": "0.23.1",
        "@esbuild/linux-riscv64": "0.23.1",
        "@esbuild/linux-s390x": "0.23.1",
        "@esbuild/linux-x64": "0.23.1",
        "@esbuild/netbsd-x64": "0.23.1",
        "@esbuild/openbsd-arm64": "0.23.1",
        "@esbuild/openbsd-x64": "0.23.1",
        "@esbuild/sunos-x64": "0.23.1",
        "@esbuild/win32-arm64": "0.23.1",
        "@esbuild/win32-ia32": "0.23.1",
        "@esbuild/win32-x64": "0.23.1"
      }
    },
    "node_modules/escape-string-regexp": {
      "version": "1.0.5",
      "license": "MIT",
      "engines": {
        "node": ">=0.8.0"
      }
    },
    "node_modules/esprima": {
      "version": "4.0.1",
      "license": "BSD-2-Clause",
      "bin": {
        "esparse": "bin/esparse.js",
        "esvalidate": "bin/esvalidate.js"
      },
      "engines": {
        "node": ">=4"
      }
    },
    "node_modules/extend-shallow": {
      "version": "2.0.1",
      "license": "MIT",
      "dependencies": {
        "is-extendable": "^0.1.0"
      },
      "engines": {
        "node": ">=0.10.0"
      }
    },
    "node_modules/external-editor": {
      "version": "3.1.0",
      "license": "MIT",
      "dependencies": {
        "chardet": "^0.7.0",
        "iconv-lite": "^0.4.24",
        "tmp": "^0.0.33"
      },
      "engines": {
        "node": ">=4"
      }
    },
    "node_modules/figures": {
      "version": "3.2.0",
      "license": "MIT",
      "dependencies": {
        "escape-string-regexp": "^1.0.5"
      },
      "engines": {
        "node": ">=8"
      },
      "funding": {
        "url": "https://github.com/sponsors/sindresorhus"
      }
    },
    "node_modules/find-object-paths": {
      "version": "1.1.0",
      "license": "GPL-3.0-or-later"
    },
    "node_modules/get-tsconfig": {
      "version": "4.8.1",
      "license": "MIT",
      "dependencies": {
        "resolve-pkg-maps": "^1.0.0"
      },
      "funding": {
        "url": "https://github.com/privatenumber/get-tsconfig?sponsor=1"
      }
    },
    "node_modules/gray-matter": {
      "version": "4.0.3",
      "license": "MIT",
      "dependencies": {
        "js-yaml": "^3.13.1",
        "kind-of": "^6.0.2",
        "section-matter": "^1.0.0",
        "strip-bom-string": "^1.0.0"
      },
      "engines": {
        "node": ">=6.0"
      }
    },
    "node_modules/hamt-sharding": {
      "version": "3.0.6",
      "license": "Apache-2.0 OR MIT",
      "dependencies": {
        "sparse-array": "^1.3.1",
        "uint8arrays": "^5.0.1"
      }
    },
    "node_modules/has-flag": {
      "version": "4.0.0",
      "license": "MIT",
      "engines": {
        "node": ">=8"
      }
    },
    "node_modules/iconv-lite": {
      "version": "0.4.24",
      "license": "MIT",
      "dependencies": {
        "safer-buffer": ">= 2.1.2 < 3"
      },
      "engines": {
        "node": ">=0.10.0"
      }
    },
    "node_modules/ieee754": {
      "version": "1.2.1",
      "funding": [
        {
          "type": "github",
          "url": "https://github.com/sponsors/feross"
        },
        {
          "type": "patreon",
          "url": "https://www.patreon.com/feross"
        },
        {
          "type": "consulting",
          "url": "https://feross.org/support"
        }
      ],
      "license": "BSD-3-Clause"
    },
    "node_modules/inherits": {
      "version": "2.0.4",
      "license": "ISC"
    },
    "node_modules/interface-blockstore": {
      "version": "5.3.1",
      "license": "Apache-2.0 OR MIT",
      "dependencies": {
        "interface-store": "^6.0.0",
        "multiformats": "^13.2.3"
      }
    },
    "node_modules/interface-store": {
      "version": "6.0.2",
      "license": "Apache-2.0 OR MIT"
    },
    "node_modules/ipfs-unixfs": {
      "version": "11.2.0",
      "license": "Apache-2.0 OR MIT",
      "dependencies": {
        "protons-runtime": "^5.5.0",
        "uint8arraylist": "^2.4.8"
      }
    },
    "node_modules/ipfs-unixfs-importer": {
      "version": "15.3.1",
      "license": "Apache-2.0 OR MIT",
      "dependencies": {
        "@ipld/dag-pb": "^4.1.2",
        "@multiformats/murmur3": "^2.1.8",
        "hamt-sharding": "^3.0.6",
        "interface-blockstore": "^5.3.0",
        "interface-store": "^6.0.0",
        "ipfs-unixfs": "^11.0.0",
        "it-all": "^3.0.6",
        "it-batch": "^3.0.6",
        "it-first": "^3.0.6",
        "it-parallel-batch": "^3.0.6",
        "multiformats": "^13.2.3",
        "progress-events": "^1.0.1",
        "rabin-wasm": "^0.1.5",
        "uint8arraylist": "^2.4.8",
        "uint8arrays": "^5.1.0"
      }
    },
    "node_modules/is-extendable": {
      "version": "0.1.1",
      "license": "MIT",
      "engines": {
        "node": ">=0.10.0"
      }
    },
    "node_modules/is-fullwidth-code-point": {
      "version": "3.0.0",
      "license": "MIT",
      "engines": {
        "node": ">=8"
      }
    },
    "node_modules/isows": {
      "version": "1.0.4",
      "funding": [
        {
          "type": "github",
          "url": "https://github.com/sponsors/wagmi-dev"
        }
      ],
      "license": "MIT",
      "peerDependencies": {
        "ws": "*"
      }
    },
    "node_modules/it-all": {
      "version": "3.0.6",
      "license": "Apache-2.0 OR MIT"
    },
    "node_modules/it-batch": {
      "version": "3.0.6",
      "license": "Apache-2.0 OR MIT"
    },
    "node_modules/it-first": {
      "version": "3.0.6",
      "license": "Apache-2.0 OR MIT"
    },
    "node_modules/it-parallel-batch": {
      "version": "3.0.6",
      "license": "Apache-2.0 OR MIT",
      "dependencies": {
        "it-batch": "^3.0.0"
      }
    },
    "node_modules/js-yaml": {
      "version": "3.14.1",
      "license": "MIT",
      "dependencies": {
        "argparse": "^1.0.7",
        "esprima": "^4.0.0"
      },
      "bin": {
        "js-yaml": "bin/js-yaml.js"
      }
    },
    "node_modules/json-bigint": {
      "version": "1.0.0",
      "license": "MIT",
      "dependencies": {
        "bignumber.js": "^9.0.0"
      }
    },
    "node_modules/kind-of": {
      "version": "6.0.3",
      "license": "MIT",
      "engines": {
        "node": ">=0.10.0"
      }
    },
    "node_modules/minimist": {
      "version": "1.2.8",
      "license": "MIT",
      "funding": {
        "url": "https://github.com/sponsors/ljharb"
      }
    },
    "node_modules/ms": {
      "version": "2.1.3",
      "license": "MIT"
    },
    "node_modules/multiformats": {
      "version": "13.3.0",
      "license": "Apache-2.0 OR MIT"
    },
    "node_modules/murmurhash3js-revisited": {
      "version": "3.0.0",
      "license": "MIT",
      "engines": {
        "node": ">=8.0.0"
      }
    },
    "node_modules/mute-stream": {
      "version": "1.0.0",
      "license": "ISC",
      "engines": {
        "node": "^14.17.0 || ^16.13.0 || >=18.0.0"
      }
    },
    "node_modules/node-fetch": {
      "version": "2.7.0",
      "license": "MIT",
      "dependencies": {
        "whatwg-url": "^5.0.0"
      },
      "engines": {
        "node": "4.x || >=6.0.0"
      },
      "peerDependencies": {
        "encoding": "^0.1.0"
      },
      "peerDependenciesMeta": {
        "encoding": {
          "optional": true
        }
      }
    },
    "node_modules/object-hash": {
      "version": "3.0.0",
      "license": "MIT",
      "engines": {
        "node": ">= 6"
      }
    },
    "node_modules/os-tmpdir": {
      "version": "1.0.2",
      "license": "MIT",
      "engines": {
        "node": ">=0.10.0"
      }
    },
    "node_modules/prettier": {
      "version": "2.8.8",
      "dev": true,
      "license": "MIT",
      "bin": {
        "prettier": "bin-prettier.js"
      },
      "engines": {
        "node": ">=10.13.0"
      },
      "funding": {
        "url": "https://github.com/prettier/prettier?sponsor=1"
      }
    },
    "node_modules/prettier-plugin-solidity": {
      "version": "1.4.1",
      "dev": true,
      "license": "MIT",
      "dependencies": {
        "@solidity-parser/parser": "^0.18.0",
        "semver": "^7.5.4"
      },
      "engines": {
        "node": ">=16"
      },
      "peerDependencies": {
        "prettier": ">=2.3.0"
      }
    },
    "node_modules/progress-events": {
      "version": "1.0.1",
      "license": "Apache-2.0 OR MIT"
    },
    "node_modules/protons-runtime": {
      "version": "5.5.0",
      "license": "Apache-2.0 OR MIT",
      "dependencies": {
        "uint8-varint": "^2.0.2",
        "uint8arraylist": "^2.4.3",
        "uint8arrays": "^5.0.1"
      }
    },
    "node_modules/rabin-wasm": {
      "version": "0.1.5",
      "license": "MIT",
      "dependencies": {
        "@assemblyscript/loader": "^0.9.4",
        "bl": "^5.0.0",
        "debug": "^4.3.1",
        "minimist": "^1.2.5",
        "node-fetch": "^2.6.1",
        "readable-stream": "^3.6.0"
      },
      "bin": {
        "rabin-wasm": "cli/bin.js"
      }
    },
    "node_modules/readable-stream": {
      "version": "3.6.2",
      "license": "MIT",
      "dependencies": {
        "inherits": "^2.0.3",
        "string_decoder": "^1.1.1",
        "util-deprecate": "^1.0.1"
      },
      "engines": {
        "node": ">= 6"
      }
    },
    "node_modules/resolve-pkg-maps": {
      "version": "1.0.0",
      "license": "MIT",
      "funding": {
        "url": "https://github.com/privatenumber/resolve-pkg-maps?sponsor=1"
      }
    },
    "node_modules/run-async": {
      "version": "3.0.0",
      "license": "MIT",
      "engines": {
        "node": ">=0.12.0"
      }
    },
    "node_modules/safe-buffer": {
      "version": "5.2.1",
      "funding": [
        {
          "type": "github",
          "url": "https://github.com/sponsors/feross"
        },
        {
          "type": "patreon",
          "url": "https://www.patreon.com/feross"
        },
        {
          "type": "consulting",
          "url": "https://feross.org/support"
        }
      ],
      "license": "MIT"
    },
    "node_modules/safer-buffer": {
      "version": "2.1.2",
      "license": "MIT"
    },
    "node_modules/section-matter": {
      "version": "1.0.0",
      "license": "MIT",
      "dependencies": {
        "extend-shallow": "^2.0.1",
        "kind-of": "^6.0.0"
      },
      "engines": {
        "node": ">=4"
      }
    },
    "node_modules/semver": {
      "version": "7.6.3",
      "dev": true,
      "license": "ISC",
      "bin": {
        "semver": "bin/semver.js"
      },
      "engines": {
        "node": ">=10"
      }
    },
    "node_modules/signal-exit": {
      "version": "4.1.0",
      "license": "ISC",
      "engines": {
        "node": ">=14"
      },
      "funding": {
        "url": "https://github.com/sponsors/isaacs"
      }
    },
    "node_modules/sparse-array": {
      "version": "1.3.2",
      "license": "ISC"
    },
    "node_modules/sprintf-js": {
      "version": "1.0.3",
      "license": "BSD-3-Clause"
    },
    "node_modules/string_decoder": {
      "version": "1.3.0",
      "license": "MIT",
      "dependencies": {
        "safe-buffer": "~5.2.0"
      }
    },
    "node_modules/string-width": {
      "version": "4.2.3",
      "license": "MIT",
      "dependencies": {
        "emoji-regex": "^8.0.0",
        "is-fullwidth-code-point": "^3.0.0",
        "strip-ansi": "^6.0.1"
      },
      "engines": {
        "node": ">=8"
      }
    },
    "node_modules/strip-ansi": {
      "version": "6.0.1",
      "license": "MIT",
      "dependencies": {
        "ansi-regex": "^5.0.1"
      },
      "engines": {
        "node": ">=8"
      }
    },
    "node_modules/strip-bom-string": {
      "version": "1.0.0",
      "license": "MIT",
      "engines": {
        "node": ">=0.10.0"
      }
    },
    "node_modules/supports-color": {
      "version": "7.2.0",
      "license": "MIT",
      "dependencies": {
        "has-flag": "^4.0.0"
      },
      "engines": {
        "node": ">=8"
      }
    },
    "node_modules/tmp": {
      "version": "0.0.33",
      "license": "MIT",
      "dependencies": {
        "os-tmpdir": "~1.0.2"
      },
      "engines": {
        "node": ">=0.6.0"
      }
    },
    "node_modules/tr46": {
      "version": "0.0.3",
      "license": "MIT"
    },
    "node_modules/tsx": {
      "version": "4.19.1",
      "license": "MIT",
      "dependencies": {
        "esbuild": "~0.23.0",
        "get-tsconfig": "^4.7.5"
      },
      "bin": {
        "tsx": "dist/cli.mjs"
      },
      "engines": {
        "node": ">=18.0.0"
      },
      "optionalDependencies": {
        "fsevents": "~2.3.3"
      }
    },
    "node_modules/type-fest": {
      "version": "0.21.3",
      "license": "(MIT OR CC0-1.0)",
      "engines": {
        "node": ">=10"
      },
      "funding": {
        "url": "https://github.com/sponsors/sindresorhus"
      }
    },
    "node_modules/typescript": {
      "version": "5.6.3",
      "resolved": "https://registry.npmjs.org/typescript/-/typescript-5.6.3.tgz",
      "integrity": "sha512-hjcS1mhfuyi4WW8IWtjP7brDrG2cuDZukyrYrSauoXGNgx0S7zceP07adYkJycEr56BOUTNPzbInooiN3fn1qw==",
      "license": "Apache-2.0",
      "peer": true,
      "bin": {
        "tsc": "bin/tsc",
        "tsserver": "bin/tsserver"
      },
      "engines": {
        "node": ">=14.17"
      }
    },
    "node_modules/uint8-varint": {
      "version": "2.0.4",
      "license": "Apache-2.0 OR MIT",
      "dependencies": {
        "uint8arraylist": "^2.0.0",
        "uint8arrays": "^5.0.0"
      }
    },
    "node_modules/uint8arraylist": {
      "version": "2.4.8",
      "license": "Apache-2.0 OR MIT",
      "dependencies": {
        "uint8arrays": "^5.0.1"
      }
    },
    "node_modules/uint8arrays": {
      "version": "5.1.0",
      "license": "Apache-2.0 OR MIT",
      "dependencies": {
        "multiformats": "^13.0.0"
      }
    },
    "node_modules/undici-types": {
      "version": "6.19.8",
      "license": "MIT"
    },
    "node_modules/util-deprecate": {
      "version": "1.0.2",
      "license": "MIT"
    },
    "node_modules/viem": {
      "version": "2.21.12",
      "funding": [
        {
          "type": "github",
          "url": "https://github.com/sponsors/wevm"
        }
      ],
      "license": "MIT",
      "dependencies": {
        "@adraffy/ens-normalize": "1.10.0",
        "@noble/curves": "1.4.0",
        "@noble/hashes": "1.4.0",
        "@scure/bip32": "1.4.0",
        "@scure/bip39": "1.4.0",
        "abitype": "1.0.5",
        "isows": "1.0.4",
        "webauthn-p256": "0.0.5",
        "ws": "8.17.1"
      },
      "peerDependencies": {
        "typescript": ">=5.0.4"
      },
      "peerDependenciesMeta": {
        "typescript": {
          "optional": true
        }
      }
    },
    "node_modules/webauthn-p256": {
      "version": "0.0.5",
      "funding": [
        {
          "type": "github",
          "url": "https://github.com/sponsors/wevm"
        }
      ],
      "license": "MIT",
      "dependencies": {
        "@noble/curves": "^1.4.0",
        "@noble/hashes": "^1.4.0"
      }
    },
    "node_modules/webauthn-p256/node_modules/@noble/curves": {
      "version": "1.6.0",
      "license": "MIT",
      "dependencies": {
        "@noble/hashes": "1.5.0"
      },
      "engines": {
        "node": "^14.21.3 || >=16"
      },
      "funding": {
        "url": "https://paulmillr.com/funding/"
      }
    },
    "node_modules/webauthn-p256/node_modules/@noble/hashes": {
      "version": "1.5.0",
      "license": "MIT",
      "engines": {
        "node": "^14.21.3 || >=16"
      },
      "funding": {
        "url": "https://paulmillr.com/funding/"
      }
    },
    "node_modules/webidl-conversions": {
      "version": "3.0.1",
      "license": "BSD-2-Clause"
    },
    "node_modules/whatwg-url": {
      "version": "5.0.0",
      "license": "MIT",
      "dependencies": {
        "tr46": "~0.0.3",
        "webidl-conversions": "^3.0.0"
      }
    },
    "node_modules/wrap-ansi": {
      "version": "6.2.0",
      "license": "MIT",
      "dependencies": {
        "ansi-styles": "^4.0.0",
        "string-width": "^4.1.0",
        "strip-ansi": "^6.0.0"
      },
      "engines": {
        "node": ">=8"
      }
    },
    "node_modules/ws": {
      "version": "8.17.1",
      "license": "MIT",
      "engines": {
        "node": ">=10.0.0"
      },
      "peerDependencies": {
        "bufferutil": "^4.0.1",
        "utf-8-validate": ">=5.0.2"
      },
      "peerDependenciesMeta": {
        "bufferutil": {
          "optional": true
        },
        "utf-8-validate": {
          "optional": true
        }
      }
    },
    "node_modules/zod": {
      "version": "3.23.8",
      "license": "MIT",
      "funding": {
        "url": "https://github.com/sponsors/colinhacks"
      }
    }
  }
}
